
Microsoft Visual Studio Solution File, Format Version 12.00
# Visual Studio Version 17
VisualStudioVersion = 17.14.36327.8 d17.14
MinimumVisualStudioVersion = 10.0.40219.1
Project("{FAE04EC0-301F-11D3-BF4B-00C04F79EFBC}") = "ModernCalendarLib", "ModernCalendarLib\ModernCalendarLib.csproj", "{B49AD1AE-A5C0-4502-86C4-609A2FE0DE7A}"
EndProject
Global
	GlobalSection(SolutionConfigurationPlatforms) = preSolution
		Debug|Any CPU = Debug|Any CPU
		Release|Any CPU = Release|Any CPU
	EndGlobalSection
	GlobalSection(ProjectConfigurationPlatforms) = postSolution
		{B49AD1AE-A5C0-4502-86C4-609A2FE0DE7A}.Debug|Any CPU.ActiveCfg = Debug|Any CPU
		{B49AD1AE-A5C0-4502-86C4-609A2FE0DE7A}.Debug|Any CPU.Build.0 = Debug|Any CPU
		{B49AD1AE-A5C0-4502-86C4-609A2FE0DE7A}.Release|Any CPU.ActiveCfg = Release|Any CPU
		{B49AD1AE-A5C0-4502-86C4-609A2FE0DE7A}.Release|Any CPU.Build.0 = Release|Any CPU
	EndGlobalSection
	GlobalSection(SolutionProperties) = preSolution
		HideSolutionNode = FALSE
	EndGlobalSection
	GlobalSection(ExtensibilityGlobals) = postSolution
		SolutionGuid = {302F4012-0646-46B1-A31D-8F2FCC38DF4A}
	EndGlobalSection
EndGlobal
